{
  "name": "hashtag-amy",
  "version": "0.0.1",
  "dependencies": {
    "ttapi": {
      "version": "1.4.2"
    },
    "underscore": {
      "version": "1.3.3"
    },
    "mongoskin": {
      "version": "0.3.6",
      "dependencies": {
        "mongodb": {
          "version": "1.0.2",
          "dependencies": {
            "bson": {
              "version": "0.0.6"
            }
          }
        }
      }
    },
    "twit": {
      "version": "1.x.x",
      "dependencies": {
        "oauth": {
          "version": "0.9.x"
        }
      }
    },
    "mysql": {
      "version": "2.0.0-alpha7",
      "dependencies": {
        "require-all" : { "version": "0.0.6" },
        "bignumber.js": { "version": "1.0.1" }
      }
    }
  }
}